
Microsoft Visual Studio Solution File, Format Version 12.00
# Visual Studio 15
VisualStudioVersion = 15.0.27004.2002
MinimumVisualStudioVersion = 10.0.40219.1
Project("{FAE04EC0-301F-11D3-BF4B-00C04F79EFBC}") = "patatapClone", "patatapClone\patatapClone.csproj", "{700A7978-A0C4-427A-9FC0-4EE7F94D6C2A}"
EndProject
Global
	GlobalSection(SolutionConfigurationPlatforms) = preSolution
		Debug|Any CPU = Debug|Any CPU
		Release|Any CPU = Release|Any CPU
	EndGlobalSection
	GlobalSection(ProjectConfigurationPlatforms) = postSolution
		{700A7978-A0C4-427A-9FC0-4EE7F94D6C2A}.Debug|Any CPU.ActiveCfg = Debug|Any CPU
		{700A7978-A0C4-427A-9FC0-4EE7F94D6C2A}.Debug|Any CPU.Build.0 = Debug|Any CPU
		{700A7978-A0C4-427A-9FC0-4EE7F94D6C2A}.Release|Any CPU.ActiveCfg = Release|Any CPU
		{700A7978-A0C4-427A-9FC0-4EE7F94D6C2A}.Release|Any CPU.Build.0 = Release|Any CPU
	EndGlobalSection
	GlobalSection(SolutionProperties) = preSolution
		HideSolutionNode = FALSE
	EndGlobalSection
	GlobalSection(ExtensibilityGlobals) = postSolution
		SolutionGuid = {A8F5E8E5-C635-4804-962A-06FA2B4E241C}
	EndGlobalSection
EndGlobal
